PODS:
  - DATASource (6.1.5)
  - DATAStack (6.2.0)
  - Networking (3.0.3)
  - Sync (3.2.1)

DEPENDENCIES:
  - DATASource
  - DATAStack (~> 6)
  - Networking
  - Sync

SPEC CHECKSUMS:
  DATASource: 52b86cfff6c7ac3db45192c01f7839c7473576c3
  DATAStack: 06d6a00f4fe84f11afdae2a6f47558f1087000e5
  Networking: e2c42013296d093e4249f8247acb08e36958a11a
  Sync: 70ba21675235ea8960e9033611cd2ebd0131adf2

PODFILE CHECKSUM: 548cc13b8ce10ae51920342b5894e3a43a5d8309

COCOAPODS: 1.2.0
